
Microsoft Visual Studio Solution File, Format Version 12.00
# Visual Studio Version 17
VisualStudioVersion = 17.9.34728.123
MinimumVisualStudioVersion = 10.0.40219.1
Project("{9A19103F-16F7-4668-BE54-9A1E7A4F7556}") = "WeatherApp", "WeatherApp\WeatherApp.csproj", "{0EAE0CCA-123D-478B-842B-CBCBBD36D922}"
EndProject
Project("{FAE04EC0-301F-11D3-BF4B-00C04F79EFBC}") = "Services", "Services\Services.csproj", "{FED63147-AC4C-48E3-83B4-2E11A43EACB3}"
EndProject
Project("{FAE04EC0-301F-11D3-BF4B-00C04F79EFBC}") = "ServiceContracts", "ServiceContracts\ServiceContracts.csproj", "{0085A458-0285-4E57-B846-7DF80DA9FA55}"
EndProject
Project("{FAE04EC0-301F-11D3-BF4B-00C04F79EFBC}") = "Common", "Common\Common.csproj", "{786C44C9-C025-4DB5-BA5F-F0222FF5073C}"
EndProject
Global
	GlobalSection(SolutionConfigurationPlatforms) = preSolution
		Debug|Any CPU = Debug|Any CPU
		Release|Any CPU = Release|Any CPU
	EndGlobalSection
	GlobalSection(ProjectConfigurationPlatforms) = postSolution
		{0EAE0CCA-123D-478B-842B-CBCBBD36D922}.Debug|Any CPU.ActiveCfg = Debug|Any CPU
		{0EAE0CCA-123D-478B-842B-CBCBBD36D922}.Debug|Any CPU.Build.0 = Debug|Any CPU
		{0EAE0CCA-123D-478B-842B-CBCBBD36D922}.Release|Any CPU.ActiveCfg = Release|Any CPU
		{0EAE0CCA-123D-478B-842B-CBCBBD36D922}.Release|Any CPU.Build.0 = Release|Any CPU
		{FED63147-AC4C-48E3-83B4-2E11A43EACB3}.Debug|Any CPU.ActiveCfg = Debug|Any CPU
		{FED63147-AC4C-48E3-83B4-2E11A43EACB3}.Debug|Any CPU.Build.0 = Debug|Any CPU
		{FED63147-AC4C-48E3-83B4-2E11A43EACB3}.Release|Any CPU.ActiveCfg = Release|Any CPU
		{FED63147-AC4C-48E3-83B4-2E11A43EACB3}.Release|Any CPU.Build.0 = Release|Any CPU
		{0085A458-0285-4E57-B846-7DF80DA9FA55}.Debug|Any CPU.ActiveCfg = Debug|Any CPU
		{0085A458-0285-4E57-B846-7DF80DA9FA55}.Debug|Any CPU.Build.0 = Debug|Any CPU
		{0085A458-0285-4E57-B846-7DF80DA9FA55}.Release|Any CPU.ActiveCfg = Release|Any CPU
		{0085A458-0285-4E57-B846-7DF80DA9FA55}.Release|Any CPU.Build.0 = Release|Any CPU
		{786C44C9-C025-4DB5-BA5F-F0222FF5073C}.Debug|Any CPU.ActiveCfg = Debug|Any CPU
		{786C44C9-C025-4DB5-BA5F-F0222FF5073C}.Debug|Any CPU.Build.0 = Debug|Any CPU
		{786C44C9-C025-4DB5-BA5F-F0222FF5073C}.Release|Any CPU.ActiveCfg = Release|Any CPU
		{786C44C9-C025-4DB5-BA5F-F0222FF5073C}.Release|Any CPU.Build.0 = Release|Any CPU
	EndGlobalSection
	GlobalSection(SolutionProperties) = preSolution
		HideSolutionNode = FALSE
	EndGlobalSection
	GlobalSection(ExtensibilityGlobals) = postSolution
		SolutionGuid = {4E5CEE58-92EE-4929-924B-05219B8C4BCD}
	EndGlobalSection
EndGlobal
